
Microsoft Visual Studio Solution File, Format Version 12.00
# Visual Studio 15
VisualStudioVersion = 15.0.28010.2036
MinimumVisualStudioVersion = 10.0.40219.1
Project("{FAE04EC0-301F-11D3-BF4B-00C04F79EFBC}") = "lab3", "lab3\lab3.csproj", "{7ECAB14A-DD2B-42FD-A1F2-A00A66FF31E5}"
EndProject
Project("{FAE04EC0-301F-11D3-BF4B-00C04F79EFBC}") = "CodeFirst", "CodeFirst\CodeFirst.csproj", "{4E499F69-F898-467A-95F5-E022FC8CC1B2}"
EndProject
Project("{FAE04EC0-301F-11D3-BF4B-00C04F79EFBC}") = "CodeSecond", "CodeSecond\CodeSecond.csproj", "{03DDD101-F70B-4850-9DC9-37DE0172D7D6}"
EndProject
Project("{FAE04EC0-301F-11D3-BF4B-00C04F79EFBC}") = "ModFirst", "ModFirst\ModFirst.csproj", "{E0727DDE-F85B-4F18-B9E3-5AB920F44632}"
EndProject
Global
	GlobalSection(SolutionConfigurationPlatforms) = preSolution
		Debug|Any CPU = Debug|Any CPU
		Release|Any CPU = Release|Any CPU
	EndGlobalSection
	GlobalSection(ProjectConfigurationPlatforms) = postSolution
		{7ECAB14A-DD2B-42FD-A1F2-A00A66FF31E5}.Debug|Any CPU.ActiveCfg = Debug|Any CPU
		{7ECAB14A-DD2B-42FD-A1F2-A00A66FF31E5}.Debug|Any CPU.Build.0 = Debug|Any CPU
		{7ECAB14A-DD2B-42FD-A1F2-A00A66FF31E5}.Release|Any CPU.ActiveCfg = Release|Any CPU
		{7ECAB14A-DD2B-42FD-A1F2-A00A66FF31E5}.Release|Any CPU.Build.0 = Release|Any CPU
		{4E499F69-F898-467A-95F5-E022FC8CC1B2}.Debug|Any CPU.ActiveCfg = Debug|Any CPU
		{4E499F69-F898-467A-95F5-E022FC8CC1B2}.Debug|Any CPU.Build.0 = Debug|Any CPU
		{4E499F69-F898-467A-95F5-E022FC8CC1B2}.Release|Any CPU.ActiveCfg = Release|Any CPU
		{4E499F69-F898-467A-95F5-E022FC8CC1B2}.Release|Any CPU.Build.0 = Release|Any CPU
		{03DDD101-F70B-4850-9DC9-37DE0172D7D6}.Debug|Any CPU.ActiveCfg = Debug|Any CPU
		{03DDD101-F70B-4850-9DC9-37DE0172D7D6}.Debug|Any CPU.Build.0 = Debug|Any CPU
		{03DDD101-F70B-4850-9DC9-37DE0172D7D6}.Release|Any CPU.ActiveCfg = Release|Any CPU
		{03DDD101-F70B-4850-9DC9-37DE0172D7D6}.Release|Any CPU.Build.0 = Release|Any CPU
		{E0727DDE-F85B-4F18-B9E3-5AB920F44632}.Debug|Any CPU.ActiveCfg = Debug|Any CPU
		{E0727DDE-F85B-4F18-B9E3-5AB920F44632}.Debug|Any CPU.Build.0 = Debug|Any CPU
		{E0727DDE-F85B-4F18-B9E3-5AB920F44632}.Release|Any CPU.ActiveCfg = Release|Any CPU
		{E0727DDE-F85B-4F18-B9E3-5AB920F44632}.Release|Any CPU.Build.0 = Release|Any CPU
	EndGlobalSection
	GlobalSection(SolutionProperties) = preSolution
		HideSolutionNode = FALSE
	EndGlobalSection
	GlobalSection(ExtensibilityGlobals) = postSolution
		SolutionGuid = {D2F85F73-A609-4635-940C-97CECD0F91B2}
	EndGlobalSection
EndGlobal
